{
  "name": "lm_vuex_jest",
  "version": "1.0.0",
  "lockfileVersion": 1,
  "requires": true,
  "dependencies": {
    "@vue/test-utils": {
      "version": "1.0.0-beta.16",
      "resolved": "http://registry.npm.taobao.org/@vue/test-utils/download/@vue/test-utils-1.0.0-beta.16.tgz",
      "integrity": "sha1-3PejAwQ5FCLjgrX5fbbrlQgRKQY=",
      "requires": {
        "lodash": "4.17.10"
      },
      "dependencies": {
        "lodash": {
          "version": "4.17.10",
          "resolved": "http://registry.npm.taobao.org/lodash/download/lodash-4.17.10.tgz",
          "integrity": "sha1-G3eTz3JZ6jj7NmHU04syYK+K5Oc="
        }
      }
    }
  }
}
